Microsoft Visual Studio Solution File, Format Version 9.00
# Visual Studio 2005
Project("{FAE04EC0-301F-11D3-BF4B-00C04F79EFBC}") = "engine", "engine\engine.csproj", "{361087AE-2FD8-4BEF-8218-05A553ED7A49}"
EndProject
Project("{FAE04EC0-301F-11D3-BF4B-00C04F79EFBC}") = "Classes", "Classes\Classes.csproj", "{6FA9069E-3549-4352-ACBA-73BB0406C0B1}"
EndProject
Project("{FAE04EC0-301F-11D3-BF4B-00C04F79EFBC}") = "Main", "Main\Main.csproj", "{12F0D1A4-9A42-4B5C-94CB-2982FA3E2F7D}"
EndProject
Project("{930C7802-8A8C-48F9-8165-68863BCCD9DD}") = "Installer", "Installer\Installer.wixproj", "{88FC9A0B-D761-4940-824E-DD6F08E748CA}"
	ProjectSection(ProjectDependencies) = postProject
		{6FA9069E-3549-4352-ACBA-73BB0406C0B1} = {6FA9069E-3549-4352-ACBA-73BB0406C0B1}
		{12F0D1A4-9A42-4B5C-94CB-2982FA3E2F7D} = {12F0D1A4-9A42-4B5C-94CB-2982FA3E2F7D}
		{361087AE-2FD8-4BEF-8218-05A553ED7A49} = {361087AE-2FD8-4BEF-8218-05A553ED7A49}
	EndProjectSection
EndProject
Project("{FAE04EC0-301F-11D3-BF4B-00C04F79EFBC}") = "Logging", "Logging\Logging.csproj", "{BEC15EB8-3A21-49FF-ABC0-7465927E80B8}"
EndProject
Project("{2150E333-8FDC-42A3-9474-1A3956D46DE8}") = "Solution Items", "Solution Items", "{EB005EA6-C975-4A0C-8E5F-17D275306B3A}"
	ProjectSection(SolutionItems) = preProject
		..\wiki\ReleaseNotes.wiki = ..\wiki\ReleaseNotes.wiki
	EndProjectSection
EndProject
Project("{FAE04EC0-301F-11D3-BF4B-00C04F79EFBC}") = "Win32", "Win32\Win32.csproj", "{AD17A2D2-D5E3-4194-906A-2658F77522DB}"
EndProject
Global
	GlobalSection(SolutionConfigurationPlatforms) = preSolution
		Debug|Any CPU = Debug|Any CPU
		Release|Any CPU = Release|Any CPU
	EndGlobalSection
	GlobalSection(ProjectConfigurationPlatforms) = postSolution
		{361087AE-2FD8-4BEF-8218-05A553ED7A49}.Debug|Any CPU.ActiveCfg = Debug|Any CPU
		{361087AE-2FD8-4BEF-8218-05A553ED7A49}.Debug|Any CPU.Build.0 = Debug|Any CPU
		{361087AE-2FD8-4BEF-8218-05A553ED7A49}.Release|Any CPU.ActiveCfg = Release|Any CPU
		{361087AE-2FD8-4BEF-8218-05A553ED7A49}.Release|Any CPU.Build.0 = Release|Any CPU
		{6FA9069E-3549-4352-ACBA-73BB0406C0B1}.Debug|Any CPU.ActiveCfg = Debug|Any CPU
		{6FA9069E-3549-4352-ACBA-73BB0406C0B1}.Debug|Any CPU.Build.0 = Debug|Any CPU
		{6FA9069E-3549-4352-ACBA-73BB0406C0B1}.Release|Any CPU.ActiveCfg = Release|Any CPU
		{6FA9069E-3549-4352-ACBA-73BB0406C0B1}.Release|Any CPU.Build.0 = Release|Any CPU
		{12F0D1A4-9A42-4B5C-94CB-2982FA3E2F7D}.Debug|Any CPU.ActiveCfg = Debug|Any CPU
		{12F0D1A4-9A42-4B5C-94CB-2982FA3E2F7D}.Debug|Any CPU.Build.0 = Debug|Any CPU
		{12F0D1A4-9A42-4B5C-94CB-2982FA3E2F7D}.Release|Any CPU.ActiveCfg = Release|Any CPU
		{12F0D1A4-9A42-4B5C-94CB-2982FA3E2F7D}.Release|Any CPU.Build.0 = Release|Any CPU
		{88FC9A0B-D761-4940-824E-DD6F08E748CA}.Debug|Any CPU.ActiveCfg = Debug|Any CPU
		{88FC9A0B-D761-4940-824E-DD6F08E748CA}.Debug|Any CPU.Build.0 = Debug|Any CPU
		{88FC9A0B-D761-4940-824E-DD6F08E748CA}.Release|Any CPU.ActiveCfg = Release|Any CPU
		{88FC9A0B-D761-4940-824E-DD6F08E748CA}.Release|Any CPU.Build.0 = Release|Any CPU
		{BEC15EB8-3A21-49FF-ABC0-7465927E80B8}.Debug|Any CPU.ActiveCfg = Debug|Any CPU
		{BEC15EB8-3A21-49FF-ABC0-7465927E80B8}.Debug|Any CPU.Build.0 = Debug|Any CPU
		{BEC15EB8-3A21-49FF-ABC0-7465927E80B8}.Release|Any CPU.ActiveCfg = Release|Any CPU
		{BEC15EB8-3A21-49FF-ABC0-7465927E80B8}.Release|Any CPU.Build.0 = Release|Any CPU
		{AD17A2D2-D5E3-4194-906A-2658F77522DB}.Debug|Any CPU.ActiveCfg = Debug|Any CPU
		{AD17A2D2-D5E3-4194-906A-2658F77522DB}.Debug|Any CPU.Build.0 = Debug|Any CPU
		{AD17A2D2-D5E3-4194-906A-2658F77522DB}.Release|Any CPU.ActiveCfg = Release|Any CPU
		{AD17A2D2-D5E3-4194-906A-2658F77522DB}.Release|Any CPU.Build.0 = Release|Any CPU
	EndGlobalSection
	GlobalSection(SolutionProperties) = preSolution
		HideSolutionNode = FALSE
	EndGlobalSection
EndGlobal
